{
  "nodes": {
    "home-manager": {
      "inputs": {
        "nixpkgs": "nixpkgs"
      },
      "locked": {
        "lastModified": 1650478719,
        "narHash": "sha256-308c2cM4hW9AW6dSQ080ycXGyEJGkG/OwOINkYL9Mnw=",
        "owner": "nix-community",
        "repo": "home-manager",
        "rev": "93a69d07389311ffd6ce1f4d01836bbc2faec644",
        "type": "github"
      },
      "original": {
        "id": "home-manager",
        "type": "indirect"
      }
    },
    "nixpkgs": {
      "locked": {
        "lastModified": 1650527056,
        "narHash": "sha256-dyBthjAs6JlNNDMi7SY+d2CirgBDqjG8SvZKeUvTLqM=",
        "owner": "NixOS",
        "repo": "nixpkgs",
        "rev": "b06d35b406c2396dd1611dc8601138fa3d06ee60",
        "type": "github"
      },
      "original": {
        "id": "nixpkgs",
        "type": "indirect"
      }
    },
    "nixpkgs_2": {
      "locked": {
        "lastModified": 1650568321,
        "narHash": "sha256-6wqWwHXwCEN43eEXXFKddOHQarRAB2jtAM5urM1lBts=",
        "owner": "nixos",
        "repo": "nixpkgs",
        "rev": "f0d8b069143f12ca41174bc80a5bc03cca7be438",
        "type": "github"
      },
      "original": {
        "owner": "nixos",
        "ref": "release-21.11",
        "repo": "nixpkgs",
        "type": "github"
      }
    },
    "root": {
      "inputs": {
        "home-manager": "home-manager",
        "nixpkgs": "nixpkgs_2"
      }
    }
  },
  "root": "root",
  "version": 7
}
